// !$*UTF8*$!
{
	archiveVersion = 1;
	classes = {
	};
	objectVersion = 46;
	objects = {

/* Begin PBXBuildFile section */
		5C2618D31E73A21600507762 /* EZAudioView.m in Sources */ = {isa = PBXBuildFile; fileRef = 5C2618D21E73A21600507762 /* EZAudioView.m */; };
		5C2618D51E73B3CC00507762 /* stop.png in Resources */ = {isa = PBXBuildFile; fileRef = 5C2618D41E73B3CC00507762 /* stop.png */; };
		5C2618D81E73B8FB00507762 /* pause.png in Resources */ = {isa = PBXBuildFile; fileRef = 5C2618D71E73B8FB00507762 /* pause.png */; };
		5C2618DA1E742ACF00507762 /* add.png in Resources */ = {isa = PBXBuildFile; fileRef = 5C2618D91E742ACF00507762 /* add.png */; };
		5C7950921E6A8F70007D0D78 /* main.m in Sources */ = {isa = PBXBuildFile; fileRef = 5C7950911E6A8F70007D0D78 /* main.m */; };
		5C7950951E6A8F70007D0D78 /* AppDelegate.m in Sources */ = {isa = PBXBuildFile; fileRef = 5C7950941E6A8F70007D0D78 /* AppDelegate.m */; };
		5C79509B1E6A8F70007D0D78 /* Main.storyboard in Resources */ = {isa = PBXBuildFile; fileRef = 5C7950991E6A8F70007D0D78 /* Main.storyboard */; };
		5C79509D1E6A8F70007D0D78 /* Assets.xcassets in Resources */ = {isa = PBXBuildFile; fileRef = 5C79509C1E6A8F70007D0D78 /* Assets.xcassets */; };
		5C7950A01E6A8F70007D0D78 /* LaunchScreen.storyboard in Resources */ = {isa = PBXBuildFile; fileRef = 5C79509E1E6A8F70007D0D78 /* LaunchScreen.storyboard */; };
		5CB51ACD1E70380B005D3805 /* CommonApi.m in Sources */ = {isa = PBXBuildFile; fileRef = 5CB51ACC1E70380B005D3805 /* CommonApi.m */; };
		5CE51DA91E6C36E700FFAF2E /* RootViewController.m in Sources */ = {isa = PBXBuildFile; fileRef = 5CE51DA81E6C36E700FFAF2E /* RootViewController.m */; };
		5CE51DAC1E6C370200FFAF2E /* MainViewController.m in Sources */ = {isa = PBXBuildFile; fileRef = 5CE51DAB1E6C370200FFAF2E /* MainViewController.m */; };
		5CE51DAF1E6C373500FFAF2E /* ListViewController.m in Sources */ = {isa = PBXBuildFile; fileRef = 5CE51DAE1E6C373500FFAF2E /* ListViewController.m */; };
		5CE51DB21E6C373F00FFAF2E /* MapViewController.m in Sources */ = {isa = PBXBuildFile; fileRef = 5CE51DB11E6C373F00FFAF2E /* MapViewController.m */; };
		5CE51DB61E6C56C800FFAF2E /* Common.framework in Frameworks */ = {isa = PBXBuildFile; fileRef = 5CE51DB51E6C56C800FFAF2E /* Common.framework */; };
		5CE51DB81E6C574400FFAF2E /* Common.framework in CopyFiles */ = {isa = PBXBuildFile; fileRef = 5CE51DB51E6C56C800FFAF2E /* Common.framework */; settings = {ATTRIBUTES = (CodeSignOnCopy, RemoveHeadersOnCopy, ); }; };
		5CE51DBB1E6C5B3E00FFAF2E /* BaseViewController.m in Sources */ = {isa = PBXBuildFile; fileRef = 5CE51DBA1E6C5B3E00FFAF2E /* BaseViewController.m */; };
		5CE51DBE1E6C61ED00FFAF2E /* InfoPlist.strings in Resources */ = {isa = PBXBuildFile; fileRef = 5CE51DC01E6C61ED00FFAF2E /* InfoPlist.strings */; };
		5CE51DC41E6C624200FFAF2E /* Localizable.strings in Resources */ = {isa = PBXBuildFile; fileRef = 5CE51DC61E6C624200FFAF2E /* Localizable.strings */; };
		5CE51DCC1E6C6E7600FFAF2E /* AboutViewController.m in Sources */ = {isa = PBXBuildFile; fileRef = 5CE51DCB1E6C6E7600FFAF2E /* AboutViewController.m */; };
		5CE51DCF1E6C6F2B00FFAF2E /* AddViewController.m in Sources */ = {isa = PBXBuildFile; fileRef = 5CE51DCE1E6C6F2B00FFAF2E /* AddViewController.m */; };
		B43016B41E723E3A00201489 /* EZAudioiOS.framework in Frameworks */ = {isa = PBXBuildFile; fileRef = B43016B31E723E3A00201489 /* EZAudioiOS.framework */; };
		B43016B51E72418800201489 /* EZAudioiOS.framework in Frameworks */ = {isa = PBXBuildFile; fileRef = B43016B31E723E3A00201489 /* EZAudioiOS.framework */; };
		B43016B61E72418800201489 /* EZAudioiOS.framework in CopyFiles */ = {isa = PBXBuildFile; fileRef = B43016B31E723E3A00201489 /* EZAudioiOS.framework */; settings = {ATTRIBUTES = (CodeSignOnCopy, RemoveHeadersOnCopy, ); }; };
		B443F4241E6FDC2A00428A45 /* GoogleMaps.bundle in Resources */ = {isa = PBXBuildFile; fileRef = B443F4201E6FDC2A00428A45 /* GoogleMaps.bundle */; };
		B443F4251E6FDC2A00428A45 /* GoogleMaps.framework in Frameworks */ = {isa = PBXBuildFile; fileRef = B443F4211E6FDC2A00428A45 /* GoogleMaps.framework */; };
		B443F4261E6FDC2A00428A45 /* GoogleMapsBase.framework in Frameworks */ = {isa = PBXBuildFile; fileRef = B443F4221E6FDC2A00428A45 /* GoogleMapsBase.framework */; };
		B443F4271E6FDC2A00428A45 /* GoogleMapsCore.framework in Frameworks */ = {isa = PBXBuildFile; fileRef = B443F4231E6FDC2A00428A45 /* GoogleMapsCore.framework */; };
		B443F42A1E6FE0A200428A45 /* libz.tbd in Frameworks */ = {isa = PBXBuildFile; fileRef = B443F4291E6FE0A200428A45 /* libz.tbd */; };
		B443F42C1E6FE0B600428A45 /* libicucore.tbd in Frameworks */ = {isa = PBXBuildFile; fileRef = B443F42B1E6FE0B600428A45 /* libicucore.tbd */; };
		B443F42E1E6FE0C700428A45 /* libc++.tbd in Frameworks */ = {isa = PBXBuildFile; fileRef = B443F42D1E6FE0C700428A45 /* libc++.tbd */; };
		B443F4301E6FE0D700428A45 /* SystemConfiguration.framework in Frameworks */ = {isa = PBXBuildFile; fileRef = B443F42F1E6FE0D700428A45 /* SystemConfiguration.framework */; };
		B443F4321E6FE0E000428A45 /* QuartzCore.framework in Frameworks */ = {isa = PBXBuildFile; fileRef = B443F4311E6FE0E000428A45 /* QuartzCore.framework */; };
		B443F4341E6FE0E900428A45 /* OpenGLES.framework in Frameworks */ = {isa = PBXBuildFile; fileRef = B443F4331E6FE0E900428A45 /* OpenGLES.framework */; };
		B443F4361E6FE0F300428A45 /* ImageIO.framework in Frameworks */ = {isa = PBXBuildFile; fileRef = B443F4351E6FE0F300428A45 /* ImageIO.framework */; };
		B443F4381E6FE0FC00428A45 /* GLKit.framework in Frameworks */ = {isa = PBXBuildFile; fileRef = B443F4371E6FE0FC00428A45 /* GLKit.framework */; };
		B443F43A1E6FE10700428A45 /* CoreLocation.framework in Frameworks */ = {isa = PBXBuildFile; fileRef = B443F4391E6FE10700428A45 /* CoreLocation.framework */; };
		B443F43C1E6FE11000428A45 /* CoreData.framework in Frameworks */ = {isa = PBXBuildFile; fileRef = B443F43B1E6FE11000428A45 /* CoreData.framework */; };
		B443F43E1E6FE11800428A45 /* AVFoundation.framework in Frameworks */ = {isa = PBXBuildFile; fileRef = B443F43D1E6FE11800428A45 /* AVFoundation.framework */; };
		B443F4401E6FE14C00428A45 /* CoreGraphics.framework in Frameworks */ = {isa = PBXBuildFile; fileRef = B443F43F1E6FE14C00428A45 /* CoreGraphics.framework */; };
		B443F4421E6FE15C00428A45 /* CoreText.framework in Frameworks */ = {isa = PBXBuildFile; fileRef = B443F4411E6FE15C00428A45 /* CoreText.framework */; };
		B443F4441E6FE17100428A45 /* Accelerate.framework in Frameworks */ = {isa = PBXBuildFile; fileRef = B443F4431E6FE17100428A45 /* Accelerate.framework */; };
		B443F4471E6FF2C800428A45 /* btncamera.png in Resources */ = {isa = PBXBuildFile; fileRef = B443F4461E6FF2C800428A45 /* btncamera.png */; };
		B443F4491E6FFA9300428A45 /* btnrecord.png in Resources */ = {isa = PBXBuildFile; fileRef = B443F4481E6FFA9300428A45 /* btnrecord.png */; };
		B46A58001E7289420080B7F7 /* RecordView.xib in Resources */ = {isa = PBXBuildFile; fileRef = B46A57FF1E7289420080B7F7 /* RecordView.xib */; };
		B46A58031E728A0D0080B7F7 /* EZRecordView.m in Sources */ = {isa = PBXBuildFile; fileRef = B46A58021E728A0D0080B7F7 /* EZRecordView.m */; };
		B46A58051E728B490080B7F7 /* Btn_record.png in Resources */ = {isa = PBXBuildFile; fileRef = B46A58041E728B490080B7F7 /* Btn_record.png */; };
		B46A58091E72A93A0080B7F7 /* play.png in Resources */ = {isa = PBXBuildFile; fileRef = B46A58081E72A93A0080B7F7 /* play.png */; };
		B4D2CE0E1E768F66002B5CAF /* deletephoto.png in Resources */ = {isa = PBXBuildFile; fileRef = B4D2CE0D1E768F66002B5CAF /* deletephoto.png */; };
/* End PBXBuildFile section */

/* Begin PBXCopyFilesBuildPhase section */
		5CE51DB71E6C573D00FFAF2E /* CopyFiles */ = {
			isa = PBXCopyFilesBuildPhase;
			buildActionMask = 2147483647;
			dstPath = "";
			dstSubfolderSpec = 10;
			files = (
				B43016B61E72418800201489 /* EZAudioiOS.framework in CopyFiles */,
				5CE51DB81E6C574400FFAF2E /* Common.framework in CopyFiles */,
			);
			runOnlyForDeploymentPostprocessing = 0;
		};
/* End PBXCopyFilesBuildPhase section */

/* Begin PBXFileReference section */
		5C2618D11E73A21600507762 /* EZAudioView.h */ = {isa = PBXFileReference; fileEncoding = 4; lastKnownFileType = sourcecode.c.h; path = EZAudioView.h; sourceTree = "<group>"; };
		5C2618D21E73A21600507762 /* EZAudioView.m */ = {isa = PBXFileReference; fileEncoding = 4; lastKnownFileType = sourcecode.c.objc; path = EZAudioView.m; sourceTree = "<group>"; };
		5C2618D41E73B3CC00507762 /* stop.png */ = {isa = PBXFileReference; lastKnownFileType = image.png; path = stop.png; sourceTree = "<group>"; };
		5C2618D71E73B8FB00507762 /* pause.png */ = {isa = PBXFileReference; lastKnownFileType = image.png; path = pause.png; sourceTree = "<group>"; };
		5C2618D91E742ACF00507762 /* add.png */ = {isa = PBXFileReference; lastKnownFileType = image.png; path = add.png; sourceTree = "<group>"; };
		5C79508D1E6A8F70007D0D78 /* PlumFlowerMark.app */ = {isa = PBXFileReference; explicitFileType = wrapper.application; includeInIndex = 0; path = PlumFlowerMark.app; sourceTree = BUILT_PRODUCTS_DIR; };
		5C7950911E6A8F70007D0D78 /* main.m */ = {isa = PBXFileReference; lastKnownFileType = sourcecode.c.objc; path = main.m; sourceTree = "<group>"; };
		5C7950931E6A8F70007D0D78 /* AppDelegate.h */ = {isa = PBXFileReference; lastKnownFileType = sourcecode.c.h; path = AppDelegate.h; sourceTree = "<group>"; };
		5C7950941E6A8F70007D0D78 /* AppDelegate.m */ = {isa = PBXFileReference; lastKnownFileType = sourcecode.c.objc; path = AppDelegate.m; sourceTree = "<group>"; };
		5C79509A1E6A8F70007D0D78 /* Base */ = {isa = PBXFileReference; lastKnownFileType = file.storyboard; name = Base; path = Base.lproj/Main.storyboard; sourceTree = "<group>"; };
		5C79509C1E6A8F70007D0D78 /* Assets.xcassets */ = {isa = PBXFileReference; lastKnownFileType = folder.assetcatalog; path = Assets.xcassets; sourceTree = "<group>"; };
		5C79509F1E6A8F70007D0D78 /* Base */ = {isa = PBXFileReference; lastKnownFileType = file.storyboard; name = Base; path = Base.lproj/LaunchScreen.storyboard; sourceTree = "<group>"; };
		5C7950A11E6A8F70007D0D78 /* Info.plist */ = {isa = PBXFileReference; lastKnownFileType = text.plist.xml; path = Info.plist; sourceTree = "<group>"; };
		5C7950A71E6A8F8F007D0D78 /* zh-Hans */ = {isa = PBXFileReference; lastKnownFileType = text.plist.strings; name = "zh-Hans"; path = "zh-Hans.lproj/Main.strings"; sourceTree = "<group>"; };
		5C7950A81E6A8F8F007D0D78 /* zh-Hans */ = {isa = PBXFileReference; lastKnownFileType = text.plist.strings; name = "zh-Hans"; path = "zh-Hans.lproj/LaunchScreen.strings"; sourceTree = "<group>"; };
		5CB51ACB1E70380B005D3805 /* CommonApi.h */ = {isa = PBXFileReference; fileEncoding = 4; lastKnownFileType = sourcecode.c.h; path = CommonApi.h; sourceTree = "<group>"; };
		5CB51ACC1E70380B005D3805 /* CommonApi.m */ = {isa = PBXFileReference; fileEncoding = 4; lastKnownFileType = sourcecode.c.objc; path = CommonApi.m; sourceTree = "<group>"; };
		5CE51DA71E6C36E700FFAF2E /* RootViewController.h */ = {isa = PBXFileReference; fileEncoding = 4; lastKnownFileType = sourcecode.c.h; path = RootViewController.h; sourceTree = "<group>"; };
		5CE51DA81E6C36E700FFAF2E /* RootViewController.m */ = {isa = PBXFileReference; fileEncoding = 4; lastKnownFileType = sourcecode.c.objc; path = RootViewController.m; sourceTree = "<group>"; };
		5CE51DAA1E6C370200FFAF2E /* MainViewController.h */ = {isa = PBXFileReference; fileEncoding = 4; lastKnownFileType = sourcecode.c.h; path = MainViewController.h; sourceTree = "<group>"; };
		5CE51DAB1E6C370200FFAF2E /* MainViewController.m */ = {isa = PBXFileReference; fileEncoding = 4; lastKnownFileType = sourcecode.c.objc; path = MainViewController.m; sourceTree = "<group>"; };
		5CE51DAD1E6C373500FFAF2E /* ListViewController.h */ = {isa = PBXFileReference; fileEncoding = 4; lastKnownFileType = sourcecode.c.h; path = ListViewController.h; sourceTree = "<group>"; };
		5CE51DAE1E6C373500FFAF2E /* ListViewController.m */ = {isa = PBXFileReference; fileEncoding = 4; lastKnownFileType = sourcecode.c.objc; path = ListViewController.m; sourceTree = "<group>"; };
		5CE51DB01E6C373F00FFAF2E /* MapViewController.h */ = {isa = PBXFileReference; fileEncoding = 4; lastKnownFileType = sourcecode.c.h; path = MapViewController.h; sourceTree = "<group>"; };
		5CE51DB11E6C373F00FFAF2E /* MapViewController.m */ = {isa = PBXFileReference; fileEncoding = 4; lastKnownFileType = sourcecode.c.objc; path = MapViewController.m; sourceTree = "<group>"; };
		5CE51DB51E6C56C800FFAF2E /* Common.framework */ = {isa = PBXFileReference; lastKnownFileType = wrapper.framework; path = Common.framework; sourceTree = "<group>"; };
		5CE51DB91E6C5B3E00FFAF2E /* BaseViewController.h */ = {isa = PBXFileReference; fileEncoding = 4; lastKnownFileType = sourcecode.c.h; path = BaseViewController.h; sourceTree = "<group>"; };
		5CE51DBA1E6C5B3E00FFAF2E /* BaseViewController.m */ = {isa = PBXFileReference; fileEncoding = 4; lastKnownFileType = sourcecode.c.objc; path = BaseViewController.m; sourceTree = "<group>"; };
		5CE51DBF1E6C61ED00FFAF2E /* zh-Hans */ = {isa = PBXFileReference; lastKnownFileType = text.plist.strings; name = "zh-Hans"; path = "zh-Hans.lproj/InfoPlist.strings"; sourceTree = "<group>"; };
		5CE51DC11E6C61F000FFAF2E /* en */ = {isa = PBXFileReference; lastKnownFileType = text.plist.strings; name = en; path = en.lproj/InfoPlist.strings; sourceTree = "<group>"; };
		5CE51DC51E6C624200FFAF2E /* zh-Hans */ = {isa = PBXFileReference; lastKnownFileType = text.plist.strings; name = "zh-Hans"; path = "zh-Hans.lproj/Localizable.strings"; sourceTree = "<group>"; };
		5CE51DC71E6C624400FFAF2E /* en */ = {isa = PBXFileReference; lastKnownFileType = text.plist.strings; name = en; path = en.lproj/Localizable.strings; sourceTree = "<group>"; };
		5CE51DC81E6C685200FFAF2E /* Public.h */ = {isa = PBXFileReference; lastKnownFileType = sourcecode.c.h; path = Public.h; sourceTree = "<group>"; };
		5CE51DCA1E6C6E7600FFAF2E /* AboutViewController.h */ = {isa = PBXFileReference; fileEncoding = 4; lastKnownFileType = sourcecode.c.h; path = AboutViewController.h; sourceTree = "<group>"; };
		5CE51DCB1E6C6E7600FFAF2E /* AboutViewController.m */ = {isa = PBXFileReference; fileEncoding = 4; lastKnownFileType = sourcecode.c.objc; path = AboutViewController.m; sourceTree = "<group>"; };
		5CE51DCD1E6C6F2B00FFAF2E /* AddViewController.h */ = {isa = PBXFileReference; fileEncoding = 4; lastKnownFileType = sourcecode.c.h; path = AddViewController.h; sourceTree = "<group>"; };
		5CE51DCE1E6C6F2B00FFAF2E /* AddViewController.m */ = {isa = PBXFileReference; fileEncoding = 4; lastKnownFileType = sourcecode.c.objc; path = AddViewController.m; sourceTree = "<group>"; };
		B43016B31E723E3A00201489 /* EZAudioiOS.framework */ = {isa = PBXFileReference; lastKnownFileType = wrapper.framework; path = EZAudioiOS.framework; sourceTree = "<group>"; };
		B443F4201E6FDC2A00428A45 /* GoogleMaps.bundle */ = {isa = PBXFileReference; lastKnownFileType = "wrapper.plug-in"; path = GoogleMaps.bundle; sourceTree = "<group>"; };
		B443F4211E6FDC2A00428A45 /* GoogleMaps.framework */ = {isa = PBXFileReference; lastKnownFileType = wrapper.framework; path = GoogleMaps.framework; sourceTree = "<group>"; };
		B443F4221E6FDC2A00428A45 /* GoogleMapsBase.framework */ = {isa = PBXFileReference; lastKnownFileType = wrapper.framework; path = GoogleMapsBase.framework; sourceTree = "<group>"; };
		B443F4231E6FDC2A00428A45 /* GoogleMapsCore.framework */ = {isa = PBXFileReference; lastKnownFileType = wrapper.framework; path = GoogleMapsCore.framework; sourceTree = "<group>"; };
		B443F4291E6FE0A200428A45 /* libz.tbd */ = {isa = PBXFileReference; lastKnownFileType = "sourcecode.text-based-dylib-definition"; name = libz.tbd; path = usr/lib/libz.tbd; sourceTree = SDKROOT; };
		B443F42B1E6FE0B600428A45 /* libicucore.tbd */ = {isa = PBXFileReference; lastKnownFileType = "sourcecode.text-based-dylib-definition"; name = libicucore.tbd; path = usr/lib/libicucore.tbd; sourceTree = SDKROOT; };
		B443F42D1E6FE0C700428A45 /* libc++.tbd */ = {isa = PBXFileReference; lastKnownFileType = "sourcecode.text-based-dylib-definition"; name = "libc++.tbd"; path = "usr/lib/libc++.tbd"; sourceTree = SDKROOT; };
		B443F42F1E6FE0D700428A45 /* SystemConfiguration.framework */ = {isa = PBXFileReference; lastKnownFileType = wrapper.framework; name = SystemConfiguration.framework; path = System/Library/Frameworks/SystemConfiguration.framework; sourceTree = SDKROOT; };
		B443F4311E6FE0E000428A45 /* QuartzCore.framework */ = {isa = PBXFileReference; lastKnownFileType = wrapper.framework; name = QuartzCore.framework; path = System/Library/Frameworks/QuartzCore.framework; sourceTree = SDKROOT; };
		B443F4331E6FE0E900428A45 /* OpenGLES.framework */ = {isa = PBXFileReference; lastKnownFileType = wrapper.framework; name = OpenGLES.framework; path = System/Library/Frameworks/OpenGLES.framework; sourceTree = SDKROOT; };
		B443F4351E6FE0F300428A45 /* ImageIO.framework */ = {isa = PBXFileReference; lastKnownFileType = wrapper.framework; name = ImageIO.framework; path = System/Library/Frameworks/ImageIO.framework; sourceTree = SDKROOT; };
		B443F4371E6FE0FC00428A45 /* GLKit.framework */ = {isa = PBXFileReference; lastKnownFileType = wrapper.framework; name = GLKit.framework; path = System/Library/Frameworks/GLKit.framework; sourceTree = SDKROOT; };
		B443F4391E6FE10700428A45 /* CoreLocation.framework */ = {isa = PBXFileReference; lastKnownFileType = wrapper.framework; name = CoreLocation.framework; path = System/Library/Frameworks/CoreLocation.framework; sourceTree = SDKROOT; };
		B443F43B1E6FE11000428A45 /* CoreData.framework */ = {isa = PBXFileReference; lastKnownFileType = wrapper.framework; name = CoreData.framework; path = System/Library/Frameworks/CoreData.framework; sourceTree = SDKROOT; };
		B443F43D1E6FE11800428A45 /* AVFoundation.framework */ = {isa = PBXFileReference; lastKnownFileType = wrapper.framework; name = AVFoundation.framework; path = System/Library/Frameworks/AVFoundation.framework; sourceTree = SDKROOT; };
		B443F43F1E6FE14C00428A45 /* CoreGraphics.framework */ = {isa = PBXFileReference; lastKnownFileType = wrapper.framework; name = CoreGraphics.framework; path = System/Library/Frameworks/CoreGraphics.framework; sourceTree = SDKROOT; };
		B443F4411E6FE15C00428A45 /* CoreText.framework */ = {isa = PBXFileReference; lastKnownFileType = wrapper.framework; name = CoreText.framework; path = System/Library/Frameworks/CoreText.framework; sourceTree = SDKROOT; };
		B443F4431E6FE17100428A45 /* Accelerate.framework */ = {isa = PBXFileReference; lastKnownFileType = wrapper.framework; name = Accelerate.framework; path = System/Library/Frameworks/Accelerate.framework; sourceTree = SDKROOT; };
		B443F4461E6FF2C800428A45 /* btncamera.png */ = {isa = PBXFileReference; lastKnownFileType = image.png; path = btncamera.png; sourceTree = "<group>"; };
		B443F4481E6FFA9300428A45 /* btnrecord.png */ = {isa = PBXFileReference; lastKnownFileType = image.png; path = btnrecord.png; sourceTree = "<group>"; };
		B46A57FF1E7289420080B7F7 /* RecordView.xib */ = {isa = PBXFileReference; fileEncoding = 4; lastKnownFileType = file.xib; path = RecordView.xib; sourceTree = "<group>"; };
		B46A58011E728A0D0080B7F7 /* EZRecordView.h */ = {isa = PBXFileReference; fileEncoding = 4; lastKnownFileType = sourcecode.c.h; path = EZRecordView.h; sourceTree = "<group>"; };
		B46A58021E728A0D0080B7F7 /* EZRecordView.m */ = {isa = PBXFileReference; fileEncoding = 4; lastKnownFileType = sourcecode.c.objc; path = EZRecordView.m; sourceTree = "<group>"; };
		B46A58041E728B490080B7F7 /* Btn_record.png */ = {isa = PBXFileReference; lastKnownFileType = image.png; path = Btn_record.png; sourceTree = "<group>"; };
		B46A58081E72A93A0080B7F7 /* play.png */ = {isa = PBXFileReference; lastKnownFileType = image.png; path = play.png; sourceTree = "<group>"; };
		B4D2CE0D1E768F66002B5CAF /* deletephoto.png */ = {isa = PBXFileReference; lastKnownFileType = image.png; path = deletephoto.png; sourceTree = "<group>"; };
/* End PBXFileReference section */

/* Begin PBXFrameworksBuildPhase section */
		5C79508A1E6A8F70007D0D78 /* Frameworks */ = {
			isa = PBXFrameworksBuildPhase;
			buildActionMask = 2147483647;
			files = (
				B443F4441E6FE17100428A45 /* Accelerate.framework in Frameworks */,
				B443F4421E6FE15C00428A45 /* CoreText.framework in Frameworks */,
				B443F4401E6FE14C00428A45 /* CoreGraphics.framework in Frameworks */,
				B443F43E1E6FE11800428A45 /* AVFoundation.framework in Frameworks */,
				B43016B41E723E3A00201489 /* EZAudioiOS.framework in Frameworks */,
				B443F43C1E6FE11000428A45 /* CoreData.framework in Frameworks */,
				B443F43A1E6FE10700428A45 /* CoreLocation.framework in Frameworks */,
				B443F4381E6FE0FC00428A45 /* GLKit.framework in Frameworks */,
				B43016B51E72418800201489 /* EZAudioiOS.framework in Frameworks */,
				B443F4361E6FE0F300428A45 /* ImageIO.framework in Frameworks */,
				B443F4341E6FE0E900428A45 /* OpenGLES.framework in Frameworks */,
				B443F4321E6FE0E000428A45 /* QuartzCore.framework in Frameworks */,
				B443F4301E6FE0D700428A45 /* SystemConfiguration.framework in Frameworks */,
				B443F42E1E6FE0C700428A45 /* libc++.tbd in Frameworks */,
				B443F42C1E6FE0B600428A45 /* libicucore.tbd in Frameworks */,
				B443F42A1E6FE0A200428A45 /* libz.tbd in Frameworks */,
				B443F4261E6FDC2A00428A45 /* GoogleMapsBase.framework in Frameworks */,
				B443F4251E6FDC2A00428A45 /* GoogleMaps.framework in Frameworks */,
				5CE51DB61E6C56C800FFAF2E /* Common.framework in Frameworks */,
				B443F4271E6FDC2A00428A45 /* GoogleMapsCore.framework in Frameworks */,
			);
			runOnlyForDeploymentPostprocessing = 0;
		};
/* End PBXFrameworksBuildPhase section */

/* Begin PBXGroup section */
		5C7950841E6A8F70007D0D78 = {
			isa = PBXGroup;
			children = (
				5C79508F1E6A8F70007D0D78 /* PlumFlowerMark */,
				5C79508E1E6A8F70007D0D78 /* Products */,
				B443F4281E6FE0A100428A45 /* Frameworks */,
			);
			sourceTree = "<group>";
		};
		5C79508E1E6A8F70007D0D78 /* Products */ = {
			isa = PBXGroup;
			children = (
				5C79508D1E6A8F70007D0D78 /* PlumFlowerMark.app */,
			);
			name = Products;
			sourceTree = "<group>";
		};
		5C79508F1E6A8F70007D0D78 /* PlumFlowerMark */ = {
			isa = PBXGroup;
			children = (
				B46A57FE1E7289320080B7F7 /* CustomView */,
				5CB51ACB1E70380B005D3805 /* CommonApi.h */,
				5CB51ACC1E70380B005D3805 /* CommonApi.m */,
				B443F4451E6FF2C800428A45 /* png */,
				5CE51DC91E6C6DCA00FFAF2E /* db */,
				5CE51DB41E6C55BA00FFAF2E /* lib */,
				5C7950931E6A8F70007D0D78 /* AppDelegate.h */,
				5C7950941E6A8F70007D0D78 /* AppDelegate.m */,
				5C7950991E6A8F70007D0D78 /* Main.storyboard */,
				5C79509C1E6A8F70007D0D78 /* Assets.xcassets */,
				5C79509E1E6A8F70007D0D78 /* LaunchScreen.storyboard */,
				5C7950A11E6A8F70007D0D78 /* Info.plist */,
				5C7950901E6A8F70007D0D78 /* Supporting Files */,
				5CE51DA71E6C36E700FFAF2E /* RootViewController.h */,
				5CE51DA81E6C36E700FFAF2E /* RootViewController.m */,
				5CE51DAA1E6C370200FFAF2E /* MainViewController.h */,
				5CE51DAB1E6C370200FFAF2E /* MainViewController.m */,
				5CE51DAD1E6C373500FFAF2E /* ListViewController.h */,
				5CE51DAE1E6C373500FFAF2E /* ListViewController.m */,
				5CE51DB01E6C373F00FFAF2E /* MapViewController.h */,
				5CE51DB11E6C373F00FFAF2E /* MapViewController.m */,
				5CE51DB91E6C5B3E00FFAF2E /* BaseViewController.h */,
				5CE51DBA1E6C5B3E00FFAF2E /* BaseViewController.m */,
				5CE51DC01E6C61ED00FFAF2E /* InfoPlist.strings */,
				5CE51DC61E6C624200FFAF2E /* Localizable.strings */,
				5CE51DC81E6C685200FFAF2E /* Public.h */,
				5CE51DCA1E6C6E7600FFAF2E /* AboutViewController.h */,
				5CE51DCB1E6C6E7600FFAF2E /* AboutViewController.m */,
				5CE51DCD1E6C6F2B00FFAF2E /* AddViewController.h */,
				5CE51DCE1E6C6F2B00FFAF2E /* AddViewController.m */,
			);
			path = PlumFlowerMark;
			sourceTree = "<group>";
		};
		5C7950901E6A8F70007D0D78 /* Supporting Files */ = {
			isa = PBXGroup;
			children = (
				5C7950911E6A8F70007D0D78 /* main.m */,
			);
			name = "Supporting Files";
			sourceTree = "<group>";
		};
		5CE51DB41E6C55BA00FFAF2E /* lib */ = {
			isa = PBXGroup;
			children = (
				B43016B21E723E3A00201489 /* EZAudio */,
				B443F41F1E6FDC2A00428A45 /* GoogleMap */,
				5CE51DB51E6C56C800FFAF2E /* Common.framework */,
			);
			path = lib;
			sourceTree = "<group>";
		};
		5CE51DC91E6C6DCA00FFAF2E /* db */ = {
			isa = PBXGroup;
			children = (
			);
			path = db;
			sourceTree = "<group>";
		};
		B43016B21E723E3A00201489 /* EZAudio */ = {
			isa = PBXGroup;
			children = (
				B43016B31E723E3A00201489 /* EZAudioiOS.framework */,
			);
			path = EZAudio;
			sourceTree = "<group>";
		};
		B443F41F1E6FDC2A00428A45 /* GoogleMap */ = {
			isa = PBXGroup;
			children = (
				B443F4201E6FDC2A00428A45 /* GoogleMaps.bundle */,
				B443F4211E6FDC2A00428A45 /* GoogleMaps.framework */,
				B443F4221E6FDC2A00428A45 /* GoogleMapsBase.framework */,
				B443F4231E6FDC2A00428A45 /* GoogleMapsCore.framework */,
			);
			path = GoogleMap;
			sourceTree = "<group>";
		};
		B443F4281E6FE0A100428A45 /* Frameworks */ = {
			isa = PBXGroup;
			children = (
				B443F4431E6FE17100428A45 /* Accelerate.framework */,
				B443F4411E6FE15C00428A45 /* CoreText.framework */,
				B443F43F1E6FE14C00428A45 /* CoreGraphics.framework */,
				B443F43D1E6FE11800428A45 /* AVFoundation.framework */,
				B443F43B1E6FE11000428A45 /* CoreData.framework */,
				B443F4391E6FE10700428A45 /* CoreLocation.framework */,
				B443F4371E6FE0FC00428A45 /* GLKit.framework */,
				B443F4351E6FE0F300428A45 /* ImageIO.framework */,
				B443F4331E6FE0E900428A45 /* OpenGLES.framework */,
				B443F4311E6FE0E000428A45 /* QuartzCore.framework */,
				B443F42F1E6FE0D700428A45 /* SystemConfiguration.framework */,
				B443F42D1E6FE0C700428A45 /* libc++.tbd */,
				B443F42B1E6FE0B600428A45 /* libicucore.tbd */,
				B443F4291E6FE0A200428A45 /* libz.tbd */,
			);
			name = Frameworks;
			sourceTree = "<group>";
		};
		B443F4451E6FF2C800428A45 /* png */ = {
			isa = PBXGroup;
			children = (
				B4D2CE0D1E768F66002B5CAF /* deletephoto.png */,
				5C2618D91E742ACF00507762 /* add.png */,
				5C2618D71E73B8FB00507762 /* pause.png */,
				5C2618D41E73B3CC00507762 /* stop.png */,
				B46A58081E72A93A0080B7F7 /* play.png */,
				B46A58041E728B490080B7F7 /* Btn_record.png */,
				B443F4481E6FFA9300428A45 /* btnrecord.png */,
				B443F4461E6FF2C800428A45 /* btncamera.png */,
			);
			path = png;
			sourceTree = "<group>";
		};
		B46A57FE1E7289320080B7F7 /* CustomView */ = {
			isa = PBXGroup;
			children = (
				B46A57FF1E7289420080B7F7 /* RecordView.xib */,
				B46A58011E728A0D0080B7F7 /* EZRecordView.h */,
				B46A58021E728A0D0080B7F7 /* EZRecordView.m */,
				5C2618D11E73A21600507762 /* EZAudioView.h */,
				5C2618D21E73A21600507762 /* EZAudioView.m */,
			);
			path = CustomView;
			sourceTree = "<group>";
		};
/* End PBXGroup section */

/* Begin PBXNativeTarget section */
		5C79508C1E6A8F70007D0D78 /* PlumFlowerMark */ = {
			isa = PBXNativeTarget;
			buildConfigurationList = 5C7950A41E6A8F70007D0D78 /* Build configuration list for PBXNativeTarget "PlumFlowerMark" */;
			buildPhases = (
				5C7950891E6A8F70007D0D78 /* Sources */,
				5C79508A1E6A8F70007D0D78 /* Frameworks */,
				5C79508B1E6A8F70007D0D78 /* Resources */,
				5CE51DB71E6C573D00FFAF2E /* CopyFiles */,
			);
			buildRules = (
			);
			dependencies = (
			);
			name = PlumFlowerMark;
			productName = PlumFlowerMark;
			productReference = 5C79508D1E6A8F70007D0D78 /* PlumFlowerMark.app */;
			productType = "com.apple.product-type.application";
		};
/* End PBXNativeTarget section */

/* Begin PBXProject section */
		5C7950851E6A8F70007D0D78 /* Project object */ = {
			isa = PBXProject;
			attributes = {
				LastUpgradeCheck = 0820;
				ORGANIZATIONNAME = "杨晓光";
				TargetAttributes = {
					5C79508C1E6A8F70007D0D78 = {
						CreatedOnToolsVersion = 8.2.1;
						DevelopmentTeam = RK2BTW6E76;
						ProvisioningStyle = Automatic;
					};
				};
			};
			buildConfigurationList = 5C7950881E6A8F70007D0D78 /* Build configuration list for PBXProject "PlumFlowerMark" */;
			compatibilityVersion = "Xcode 3.2";
			developmentRegion = English;
			hasScannedForEncodings = 0;
			knownRegions = (
				en,
				Base,
			);
			mainGroup = 5C7950841E6A8F70007D0D78;
			productRefGroup = 5C79508E1E6A8F70007D0D78 /* Products */;
			projectDirPath = "";
			projectRoot = "";
			targets = (
				5C79508C1E6A8F70007D0D78 /* PlumFlowerMark */,
			);
		};
/* End PBXProject section */

/* Begin PBXResourcesBuildPhase section */
		5C79508B1E6A8F70007D0D78 /* Resources */ = {
			isa = PBXResourcesBuildPhase;
			buildActionMask = 2147483647;
			files = (
				5CE51DC41E6C624200FFAF2E /* Localizable.strings in Resources */,
				5C2618D81E73B8FB00507762 /* pause.png in Resources */,
				5C7950A01E6A8F70007D0D78 /* LaunchScreen.storyboard in Resources */,
				B443F4471E6FF2C800428A45 /* btncamera.png in Resources */,
				B443F4491E6FFA9300428A45 /* btnrecord.png in Resources */,
				5CE51DBE1E6C61ED00FFAF2E /* InfoPlist.strings in Resources */,
				5C2618D51E73B3CC00507762 /* stop.png in Resources */,
				5C2618DA1E742ACF00507762 /* add.png in Resources */,
				B443F4241E6FDC2A00428A45 /* GoogleMaps.bundle in Resources */,
				5C79509D1E6A8F70007D0D78 /* Assets.xcassets in Resources */,
				B46A58091E72A93A0080B7F7 /* play.png in Resources */,
				B46A58051E728B490080B7F7 /* Btn_record.png in Resources */,
				5C79509B1E6A8F70007D0D78 /* Main.storyboard in Resources */,
				B46A58001E7289420080B7F7 /* RecordView.xib in Resources */,
				B4D2CE0E1E768F66002B5CAF /* deletephoto.png in Resources */,
			);
			runOnlyForDeploymentPostprocessing = 0;
		};
/* End PBXResourcesBuildPhase section */

/* Begin PBXSourcesBuildPhase section */
		5C7950891E6A8F70007D0D78 /* Sources */ = {
			isa = PBXSourcesBuildPhase;
			buildActionMask = 2147483647;
			files = (
				5C2618D31E73A21600507762 /* EZAudioView.m in Sources */,
				5CE51DAF1E6C373500FFAF2E /* ListViewController.m in Sources */,
				5C7950951E6A8F70007D0D78 /* AppDelegate.m in Sources */,
				5CE51DCC1E6C6E7600FFAF2E /* AboutViewController.m in Sources */,
				5C7950921E6A8F70007D0D78 /* main.m in Sources */,
				5CE51DB21E6C373F00FFAF2E /* MapViewController.m in Sources */,
				B46A58031E728A0D0080B7F7 /* EZRecordView.m in Sources */,
				5CB51ACD1E70380B005D3805 /* CommonApi.m in Sources */,
				5CE51DA91E6C36E700FFAF2E /* RootViewController.m in Sources */,
				5CE51DBB1E6C5B3E00FFAF2E /* BaseViewController.m in Sources */,
				5CE51DAC1E6C370200FFAF2E /* MainViewController.m in Sources */,
				5CE51DCF1E6C6F2B00FFAF2E /* AddViewController.m in Sources */,
			);
			runOnlyForDeploymentPostprocessing = 0;
		};
/* End PBXSourcesBuildPhase section */

/* Begin PBXVariantGroup section */
		5C7950991E6A8F70007D0D78 /* Main.storyboard */ = {
			isa = PBXVariantGroup;
			children = (
				5C79509A1E6A8F70007D0D78 /* Base */,
				5C7950A71E6A8F8F007D0D78 /* zh-Hans */,
			);
			name = Main.storyboard;
			sourceTree = "<group>";
		};
		5C79509E1E6A8F70007D0D78 /* LaunchScreen.storyboard */ = {
			isa = PBXVariantGroup;
			children = (
				5C79509F1E6A8F70007D0D78 /* Base */,
				5C7950A81E6A8F8F007D0D78 /* zh-Hans */,
			);
			name = LaunchScreen.storyboard;
			sourceTree = "<group>";
		};
		5CE51DC01E6C61ED00FFAF2E /* InfoPlist.strings */ = {
			isa = PBXVariantGroup;
			children = (
				5CE51DBF1E6C61ED00FFAF2E /* zh-Hans */,
				5CE51DC11E6C61F000FFAF2E /* en */,
			);
			name = InfoPlist.strings;
			sourceTree = "<group>";
		};
		5CE51DC61E6C624200FFAF2E /* Localizable.strings */ = {
			isa = PBXVariantGroup;
			children = (
				5CE51DC51E6C624200FFAF2E /* zh-Hans */,
				5CE51DC71E6C624400FFAF2E /* en */,
			);
			name = Localizable.strings;
			sourceTree = "<group>";
		};
/* End PBXVariantGroup section */

/* Begin XCBuildConfiguration section */
		5C7950A21E6A8F70007D0D78 /* Debug */ = {
			isa = XCBuildConfiguration;
			buildSettings = {
				ALWAYS_SEARCH_USER_PATHS = NO;
				CLANG_ANALYZER_LOCALIZABILITY_NONLOCALIZED = YES;
				CLANG_ANALYZER_NONNULL = YES;
				CLANG_CXX_LANGUAGE_STANDARD = "gnu++0x";
				CLANG_CXX_LIBRARY = "libc++";
				CLANG_ENABLE_MODULES = YES;
				CLANG_ENABLE_OBJC_ARC = YES;
				CLANG_WARN_BOOL_CONVERSION = YES;
				CLANG_WARN_CONSTANT_CONVERSION = YES;
				CLANG_WARN_DIRECT_OBJC_ISA_USAGE = YES_ERROR;
				CLANG_WARN_DOCUMENTATION_COMMENTS = YES;
				CLANG_WARN_EMPTY_BODY = YES;
				CLANG_WARN_ENUM_CONVERSION = YES;
				CLANG_WARN_INFINITE_RECURSION = YES;
				CLANG_WARN_INT_CONVERSION = YES;
				CLANG_WARN_OBJC_ROOT_CLASS = YES_ERROR;
				CLANG_WARN_SUSPICIOUS_MOVE = YES;
				CLANG_WARN_UNREACHABLE_CODE = YES;
				CLANG_WARN__DUPLICATE_METHOD_MATCH = YES;
				"CODE_SIGN_IDENTITY[sdk=iphoneos*]" = "iPhone Developer";
				COPY_PHASE_STRIP = NO;
				DEBUG_INFORMATION_FORMAT = dwarf;
				ENABLE_STRICT_OBJC_MSGSEND = YES;
				ENABLE_TESTABILITY = YES;
				GCC_C_LANGUAGE_STANDARD = gnu99;
				GCC_DYNAMIC_NO_PIC = NO;
				GCC_NO_COMMON_BLOCKS = YES;
				GCC_OPTIMIZATION_LEVEL = 0;
				GCC_PREPROCESSOR_DEFINITIONS = (
					"DEBUG=1",
					"$(inherited)",
				);
				GCC_WARN_64_TO_32_BIT_CONVERSION = YES;
				GCC_WARN_ABOUT_RETURN_TYPE = YES_ERROR;
				GCC_WARN_UNDECLARED_SELECTOR = YES;
				GCC_WARN_UNINITIALIZED_AUTOS = YES_AGGRESSIVE;
				GCC_WARN_UNUSED_FUNCTION = YES;
				GCC_WARN_UNUSED_VARIABLE = YES;
				IPHONEOS_DEPLOYMENT_TARGET = 10.2;
				MTL_ENABLE_DEBUG_INFO = YES;
				ONLY_ACTIVE_ARCH = YES;
				SDKROOT = iphoneos;
			};
			name = Debug;
		};
		5C7950A31E6A8F70007D0D78 /* Release */ = {
			isa = XCBuildConfiguration;
			buildSettings = {
				ALWAYS_SEARCH_USER_PATHS = NO;
				CLANG_ANALYZER_LOCALIZABILITY_NONLOCALIZED = YES;
				CLANG_ANALYZER_NONNULL = YES;
				CLANG_CXX_LANGUAGE_STANDARD = "gnu++0x";
				CLANG_CXX_LIBRARY = "libc++";
				CLANG_ENABLE_MODULES = YES;
				CLANG_ENABLE_OBJC_ARC = YES;
				CLANG_WARN_BOOL_CONVERSION = YES;
				CLANG_WARN_CONSTANT_CONVERSION = YES;
				CLANG_WARN_DIRECT_OBJC_ISA_USAGE = YES_ERROR;
				CLANG_WARN_DOCUMENTATION_COMMENTS = YES;
				CLANG_WARN_EMPTY_BODY = YES;
				CLANG_WARN_ENUM_CONVERSION = YES;
				CLANG_WARN_INFINITE_RECURSION = YES;
				CLANG_WARN_INT_CONVERSION = YES;
				CLANG_WARN_OBJC_ROOT_CLASS = YES_ERROR;
				CLANG_WARN_SUSPICIOUS_MOVE = YES;
				CLANG_WARN_UNREACHABLE_CODE = YES;
				CLANG_WARN__DUPLICATE_METHOD_MATCH = YES;
				"CODE_SIGN_IDENTITY[sdk=iphoneos*]" = "iPhone Developer";
				COPY_PHASE_STRIP = NO;
				DEBUG_INFORMATION_FORMAT = "dwarf-with-dsym";
				ENABLE_NS_ASSERTIONS = NO;
				ENABLE_STRICT_OBJC_MSGSEND = YES;
				GCC_C_LANGUAGE_STANDARD = gnu99;
				GCC_NO_COMMON_BLOCKS = YES;
				GCC_WARN_64_TO_32_BIT_CONVERSION = YES;
				GCC_WARN_ABOUT_RETURN_TYPE = YES_ERROR;
				GCC_WARN_UNDECLARED_SELECTOR = YES;
				GCC_WARN_UNINITIALIZED_AUTOS = YES_AGGRESSIVE;
				GCC_WARN_UNUSED_FUNCTION = YES;
				GCC_WARN_UNUSED_VARIABLE = YES;
				IPHONEOS_DEPLOYMENT_TARGET = 10.2;
				MTL_ENABLE_DEBUG_INFO = NO;
				SDKROOT = iphoneos;
				VALIDATE_PRODUCT = YES;
			};
			name = Release;
		};
		5C7950A51E6A8F70007D0D78 /* Debug */ = {
			isa = XCBuildConfiguration;
			buildSettings = {
				ASSETCATALOG_COMPILER_APPICON_NAME = AppIcon;
				DEVELOPMENT_TEAM = RK2BTW6E76;
				FRAMEWORK_SEARCH_PATHS = (
					"$(inherited)",
					"$(PROJECT_DIR)/PlumFlowerMark/lib",
					"$(PROJECT_DIR)/PlumFlowerMark/lib/GoogleMap",
					"$(PROJECT_DIR)/PlumFlowerMark/lib/EZAudio",
				);
				INFOPLIST_FILE = PlumFlowerMark/Info.plist;
				IPHONEOS_DEPLOYMENT_TARGET = 10.0;
				LD_RUNPATH_SEARCH_PATHS = "$(inherited) @executable_path/Frameworks";
				OTHER_LDFLAGS = "-ObjC";
				PRODUCT_BUNDLE_IDENTIFIER = com.yangxiaoguang.PlumFlowerMark;
				PRODUCT_NAME = "$(TARGET_NAME)";
			};
			name = Debug;
		};
		5C7950A61E6A8F70007D0D78 /* Release */ = {
			isa = XCBuildConfiguration;
			buildSettings = {
				ASSETCATALOG_COMPILER_APPICON_NAME = AppIcon;
				DEVELOPMENT_TEAM = RK2BTW6E76;
				FRAMEWORK_SEARCH_PATHS = (
					"$(inherited)",
					"$(PROJECT_DIR)/PlumFlowerMark/lib",
					"$(PROJECT_DIR)/PlumFlowerMark/lib/GoogleMap",
					"$(PROJECT_DIR)/PlumFlowerMark/lib/EZAudio",
				);
				INFOPLIST_FILE = PlumFlowerMark/Info.plist;
				IPHONEOS_DEPLOYMENT_TARGET = 10.0;
				LD_RUNPATH_SEARCH_PATHS = "$(inherited) @executable_path/Frameworks";
				OTHER_LDFLAGS = "-ObjC";
				PRODUCT_BUNDLE_IDENTIFIER = com.yangxiaoguang.PlumFlowerMark;
				PRODUCT_NAME = "$(TARGET_NAME)";
			};
			name = Release;
		};
/* End XCBuildConfiguration section */

/* Begin XCConfigurationList section */
		5C7950881E6A8F70007D0D78 /* Build configuration list for PBXProject "PlumFlowerMark" */ = {
			isa = XCConfigurationList;
			buildConfigurations = (
				5C7950A21E6A8F70007D0D78 /* Debug */,
				5C7950A31E6A8F70007D0D78 /* Release */,
			);
			defaultConfigurationIsVisible = 0;
			defaultConfigurationName = Release;
		};
		5C7950A41E6A8F70007D0D78 /* Build configuration list for PBXNativeTarget "PlumFlowerMark" */ = {
			isa = XCConfigurationList;
			buildConfigurations = (
				5C7950A51E6A8F70007D0D78 /* Debug */,
				5C7950A61E6A8F70007D0D78 /* Release */,
			);
			defaultConfigurationIsVisible = 0;
			defaultConfigurationName = Release;
		};
/* End XCConfigurationList section */
	};
	rootObject = 5C7950851E6A8F70007D0D78 /* Project object */;
}
